{
  "name": "pex-gui",
  "version": "3.2.0",
  "lockfileVersion": 2,
  "requires": true,
  "packages": {
    "": {
      "name": "pex-gui",
      "version": "3.2.0",
      "license": "MIT",
      "dependencies": {
        "pex-color": "^2.3.0",
        "pex-geom": "^3.1.0",
        "pex-math": "^4.1.2"
      },
      "devDependencies": {
        "es-module-shims": "2.6.2",
        "pex-cam": "^3.0.1",
        "pex-context": "^4.0.0",
        "pex-io": "^3.0.2",
        "primitive-geometry": "^2.11.0"
      },
      "engines": {
        "node": ">=22.0.0",
        "npm": ">=10.5.1",
        "snowdev": ">=2.5.x"
      }
    },
    "node_modules/es-module-shims": {
      "version": "2.6.2",
      "resolved": "https://registry.npmjs.org/es-module-shims/-/es-module-shims-2.6.2.tgz",
      "integrity": "sha512-50HiheXiMg28GQagXXYMqzUuVPKsAhFLuWIxBxDbfnmT+hFTU8AyfAJaWjDaWmQbjNiPwTuuPqq7NAKFRdLaow==",
      "dev": true,
      "license": "MIT"
    },
    "node_modules/interpolate-angle": {
      "version": "1.0.2",
      "resolved": "https://registry.npmjs.org/interpolate-angle/-/interpolate-angle-1.0.2.tgz",
      "integrity": "sha1-q6mSFyJy4ucJOMlTC0HcNcV+5do=",
      "dev": true,
      "dependencies": {
        "lerp": "^1.0.3"
      }
    },
    "node_modules/latlon-to-xyz": {
      "version": "1.0.1",
      "resolved": "https://registry.npmjs.org/latlon-to-xyz/-/latlon-to-xyz-1.0.1.tgz",
      "integrity": "sha512-OF65aE60Y9aMOibxWFC2Vl7EN2BOtMKabm0t97+VaVgR9LoStZHbNNMc8dS/LG6iE1BpEXmnoH85wWr1drp/Tw==",
      "dev": true
    },
    "node_modules/lerp": {
      "version": "1.0.3",
      "resolved": "https://registry.npmjs.org/lerp/-/lerp-1.0.3.tgz",
      "integrity": "sha1-oYyJaPkXiW3hXM/MKNVaa3Med24=",
      "dev": true
    },
    "node_modules/mouse-event-offset": {
      "version": "3.0.2",
      "resolved": "https://registry.npmjs.org/mouse-event-offset/-/mouse-event-offset-3.0.2.tgz",
      "integrity": "sha1-39hqbiSMa6jK1TuQXVA3ogY+mYQ=",
      "dev": true
    },
    "node_modules/pex-cam": {
      "version": "3.0.1",
      "resolved": "https://registry.npmjs.org/pex-cam/-/pex-cam-3.0.1.tgz",
      "integrity": "sha512-TU/WtVhU8j0gc2Ip3D73vad+RallX5jVh3DhgTWcFqAU6RLA8pIgI9k64dwQwSzyE25H9dqigi0oBdFyzU74Kw==",
      "dev": true,
      "license": "MIT",
      "dependencies": {
        "interpolate-angle": "^1.0.2",
        "latlon-to-xyz": "^1.0.1",
        "mouse-event-offset": "^3.0.2",
        "pex-geom": "^3.1.0",
        "pex-math": "^4.1.2",
        "xyz-to-latlon": "^1.0.2"
      },
      "engines": {
        "node": ">=22.0.0",
        "npm": ">=10.5.1",
        "snowdev": ">=2.5.x"
      }
    },
    "node_modules/pex-color": {
      "version": "2.3.0",
      "resolved": "https://registry.npmjs.org/pex-color/-/pex-color-2.3.0.tgz",
      "integrity": "sha512-Ud/SRjL+6c5cydWM5Lw7N/VIDPDDTBOLwRjY9Zaj2U82/lHNw4uqRG+MMhOWna0ObrLIBg0Kv37mxolg73LXqg==",
      "license": "MIT",
      "engines": {
        "node": ">=22.0.0",
        "npm": ">=10.5.1",
        "snowdev": ">=2.2.x"
      }
    },
    "node_modules/pex-context": {
      "version": "4.0.0",
      "resolved": "https://registry.npmjs.org/pex-context/-/pex-context-4.0.0.tgz",
      "integrity": "sha512-gP9TdzknKDywDBL1lhGnd/Fct1oZ9VvwRbDaE63IILPjsR5jCuYC4pjiiDHmQY0AOBzJmhu7SrACB1EdjJIrkA==",
      "dev": true,
      "license": "MIT",
      "dependencies": {
        "pex-gl": "^3.0.2"
      },
      "engines": {
        "node": ">=22.0.0",
        "npm": ">=10.5.1",
        "snowdev": ">=2.5.x"
      }
    },
    "node_modules/pex-geom": {
      "version": "3.1.0",
      "resolved": "https://registry.npmjs.org/pex-geom/-/pex-geom-3.1.0.tgz",
      "integrity": "sha512-s17p6aLAJymGlt93aOy1tLk2uHLymfYO715EYXqgfJvgyr58aw+QQrzK5bBofz7i5h5jG286aobsKtRyS/0iiQ==",
      "license": "MIT",
      "dependencies": {
        "pex-math": "^4.1.1"
      },
      "engines": {
        "node": ">=22.0.0",
        "npm": ">=10.5.1",
        "snowdev": ">=2.2.x"
      }
    },
    "node_modules/pex-gl": {
      "version": "3.0.2",
      "resolved": "https://registry.npmjs.org/pex-gl/-/pex-gl-3.0.2.tgz",
      "integrity": "sha512-q0MEUXyRlXEa7A/QGQn7GvrkLf+Yc+tRpTRFW0gmbG1RnJpKC0U504WYaB9O47OoMmy9LlKGCaolP2cJJUw5gQ==",
      "dev": true,
      "license": "MIT",
      "engines": {
        "node": ">=22.0.0",
        "npm": ">=10.5.1",
        "snowdev": ">=2.2.x"
      }
    },
    "node_modules/pex-io": {
      "version": "3.0.2",
      "resolved": "https://registry.npmjs.org/pex-io/-/pex-io-3.0.2.tgz",
      "integrity": "sha512-9lVsogyCEVqUZ/qQ2Yv1Yr6ATRMpgsuUF4UGsOA6vKVkekOHCFlQ71B6m3zQll5HgZmPUw8QM9yrQkcmjE05EA==",
      "dev": true,
      "license": "MIT",
      "engines": {
        "node": ">=22.0.0",
        "npm": ">=10.5.1",
        "snowdev": ">=2.2.x"
      }
    },
    "node_modules/pex-math": {
      "version": "4.1.2",
      "resolved": "https://registry.npmjs.org/pex-math/-/pex-math-4.1.2.tgz",
      "integrity": "sha512-F7tB+weV/rhg2o9B4DCvuUTZHMkicmorusvhmRf1IjveHXFZyYTY/9/S+dpkhnEVeAZ5KNyjCK7bCsKEbYXoXQ==",
      "license": "MIT",
      "engines": {
        "node": ">=22.0.0",
        "npm": ">=10.5.1",
        "snowdev": ">=2.5.x"
      }
    },
    "node_modules/primitive-geometry": {
      "version": "2.11.0",
      "resolved": "https://registry.npmjs.org/primitive-geometry/-/primitive-geometry-2.11.0.tgz",
      "integrity": "sha512-W/Kl9za7sIQWRWvY6Fvr/wnexhP6D3fBcPz4gZsE2aMiUgm0N8ZUCQiwG/h+r+P1qTKi2yEINF3x79WN6gJSXA==",
      "dev": true,
      "funding": [
        {
          "type": "individual",
          "url": "https://paypal.me/dmnsgn"
        },
        {
          "type": "individual",
          "url": "https://commerce.coinbase.com/checkout/56cbdf28-e323-48d8-9c98-7019e72c97f3"
        }
      ],
      "license": "MIT",
      "engines": {
        "node": ">=22.0.0",
        "npm": ">=10.5.1",
        "snowdev": ">=2.3.x"
      }
    },
    "node_modules/xyz-to-latlon": {
      "version": "1.0.2",
      "resolved": "https://registry.npmjs.org/xyz-to-latlon/-/xyz-to-latlon-1.0.2.tgz",
      "integrity": "sha512-iTQe5HIzAE0r2L2u2abs17s/SekCCUAlIHzYnHHo10aR0B1iKRSGye33z7a52IMJoUUMTpPwNUTNIy+OhZVRIg==",
      "dev": true
    }
  },
  "dependencies": {
    "es-module-shims": {
      "version": "2.6.2",
      "resolved": "https://registry.npmjs.org/es-module-shims/-/es-module-shims-2.6.2.tgz",
      "integrity": "sha512-50HiheXiMg28GQagXXYMqzUuVPKsAhFLuWIxBxDbfnmT+hFTU8AyfAJaWjDaWmQbjNiPwTuuPqq7NAKFRdLaow==",
      "dev": true
    },
    "interpolate-angle": {
      "version": "1.0.2",
      "resolved": "https://registry.npmjs.org/interpolate-angle/-/interpolate-angle-1.0.2.tgz",
      "integrity": "sha1-q6mSFyJy4ucJOMlTC0HcNcV+5do=",
      "dev": true,
      "requires": {
        "lerp": "^1.0.3"
      }
    },
    "latlon-to-xyz": {
      "version": "1.0.1",
      "resolved": "https://registry.npmjs.org/latlon-to-xyz/-/latlon-to-xyz-1.0.1.tgz",
      "integrity": "sha512-OF65aE60Y9aMOibxWFC2Vl7EN2BOtMKabm0t97+VaVgR9LoStZHbNNMc8dS/LG6iE1BpEXmnoH85wWr1drp/Tw==",
      "dev": true
    },
    "lerp": {
      "version": "1.0.3",
      "resolved": "https://registry.npmjs.org/lerp/-/lerp-1.0.3.tgz",
      "integrity": "sha1-oYyJaPkXiW3hXM/MKNVaa3Med24=",
      "dev": true
    },
    "mouse-event-offset": {
      "version": "3.0.2",
      "resolved": "https://registry.npmjs.org/mouse-event-offset/-/mouse-event-offset-3.0.2.tgz",
      "integrity": "sha1-39hqbiSMa6jK1TuQXVA3ogY+mYQ=",
      "dev": true
    },
    "pex-cam": {
      "version": "3.0.1",
      "resolved": "https://registry.npmjs.org/pex-cam/-/pex-cam-3.0.1.tgz",
      "integrity": "sha512-TU/WtVhU8j0gc2Ip3D73vad+RallX5jVh3DhgTWcFqAU6RLA8pIgI9k64dwQwSzyE25H9dqigi0oBdFyzU74Kw==",
      "dev": true,
      "requires": {
        "interpolate-angle": "^1.0.2",
        "latlon-to-xyz": "^1.0.1",
        "mouse-event-offset": "^3.0.2",
        "pex-geom": "^3.1.0",
        "pex-math": "^4.1.2",
        "xyz-to-latlon": "^1.0.2"
      }
    },
    "pex-color": {
      "version": "2.3.0",
      "resolved": "https://registry.npmjs.org/pex-color/-/pex-color-2.3.0.tgz",
      "integrity": "sha512-Ud/SRjL+6c5cydWM5Lw7N/VIDPDDTBOLwRjY9Zaj2U82/lHNw4uqRG+MMhOWna0ObrLIBg0Kv37mxolg73LXqg=="
    },
    "pex-context": {
      "version": "4.0.0",
      "resolved": "https://registry.npmjs.org/pex-context/-/pex-context-4.0.0.tgz",
      "integrity": "sha512-gP9TdzknKDywDBL1lhGnd/Fct1oZ9VvwRbDaE63IILPjsR5jCuYC4pjiiDHmQY0AOBzJmhu7SrACB1EdjJIrkA==",
      "dev": true,
      "requires": {
        "pex-gl": "^3.0.2"
      }
    },
    "pex-geom": {
      "version": "3.1.0",
      "resolved": "https://registry.npmjs.org/pex-geom/-/pex-geom-3.1.0.tgz",
      "integrity": "sha512-s17p6aLAJymGlt93aOy1tLk2uHLymfYO715EYXqgfJvgyr58aw+QQrzK5bBofz7i5h5jG286aobsKtRyS/0iiQ==",
      "requires": {
        "pex-math": "^4.1.1"
      }
    },
    "pex-gl": {
      "version": "3.0.2",
      "resolved": "https://registry.npmjs.org/pex-gl/-/pex-gl-3.0.2.tgz",
      "integrity": "sha512-q0MEUXyRlXEa7A/QGQn7GvrkLf+Yc+tRpTRFW0gmbG1RnJpKC0U504WYaB9O47OoMmy9LlKGCaolP2cJJUw5gQ==",
      "dev": true
    },
    "pex-io": {
      "version": "3.0.2",
      "resolved": "https://registry.npmjs.org/pex-io/-/pex-io-3.0.2.tgz",
      "integrity": "sha512-9lVsogyCEVqUZ/qQ2Yv1Yr6ATRMpgsuUF4UGsOA6vKVkekOHCFlQ71B6m3zQll5HgZmPUw8QM9yrQkcmjE05EA==",
      "dev": true
    },
    "pex-math": {
      "version": "4.1.2",
      "resolved": "https://registry.npmjs.org/pex-math/-/pex-math-4.1.2.tgz",
      "integrity": "sha512-F7tB+weV/rhg2o9B4DCvuUTZHMkicmorusvhmRf1IjveHXFZyYTY/9/S+dpkhnEVeAZ5KNyjCK7bCsKEbYXoXQ=="
    },
    "primitive-geometry": {
      "version": "2.11.0",
      "resolved": "https://registry.npmjs.org/primitive-geometry/-/primitive-geometry-2.11.0.tgz",
      "integrity": "sha512-W/Kl9za7sIQWRWvY6Fvr/wnexhP6D3fBcPz4gZsE2aMiUgm0N8ZUCQiwG/h+r+P1qTKi2yEINF3x79WN6gJSXA==",
      "dev": true
    },
    "xyz-to-latlon": {
      "version": "1.0.2",
      "resolved": "https://registry.npmjs.org/xyz-to-latlon/-/xyz-to-latlon-1.0.2.tgz",
      "integrity": "sha512-iTQe5HIzAE0r2L2u2abs17s/SekCCUAlIHzYnHHo10aR0B1iKRSGye33z7a52IMJoUUMTpPwNUTNIy+OhZVRIg==",
      "dev": true
    }
  }
}
