{
  "name": "pex-gui",
  "version": "2.1.1",
  "lockfileVersion": 1,
  "requires": true,
  "dependencies": {
    "float-hsl2rgb": {
      "version": "1.0.2",
      "resolved": "https://registry.npmjs.org/float-hsl2rgb/-/float-hsl2rgb-1.0.2.tgz",
      "integrity": "sha1-7PNQnECsZWfJaiBGIrDExL9DyKE="
    },
    "float-rgb2hsl": {
      "version": "1.0.1",
      "resolved": "https://registry.npmjs.org/float-rgb2hsl/-/float-rgb2hsl-1.0.1.tgz",
      "integrity": "sha1-jv6qD8cm5TNjp5vz9jYIIFXBDA4="
    },
    "is-plask": {
      "version": "https://registry.npmjs.org/is-plask/-/is-plask-1.1.1.tgz",
      "integrity": "sha1-3mOSZXYfKK939JtBI4tnp/R8sgg=",
      "requires": {
        "plask-wrap": "https://registry.npmjs.org/plask-wrap/-/plask-wrap-1.0.1.tgz"
      },
      "dependencies": {
        "plask-wrap": {
          "version": "https://registry.npmjs.org/plask-wrap/-/plask-wrap-1.0.1.tgz",
          "integrity": "sha1-xfXBtdh0wcfZtxf3chJvJauzHd8="
        }
      }
    },
    "keyboardevent-key-polyfill": {
      "version": "https://registry.npmjs.org/keyboardevent-key-polyfill/-/keyboardevent-key-polyfill-1.0.2.tgz",
      "integrity": "sha1-O1jIu97y2SISyz7gr1kJFCU1RHM="
    },
    "omgcanvas": {
      "version": "https://registry.npmjs.org/omgcanvas/-/omgcanvas-1.0.2.tgz",
      "integrity": "sha1-toULf0TdbaCKbhjj+0ANWl9Q3Kk="
    },
    "performance-now": {
      "version": "https://registry.npmjs.org/performance-now/-/performance-now-0.2.0.tgz",
      "integrity": "sha1-M+8wxcd9TqIcWlOGnZG1bY8lVeU="
    },
    "pex-geom": {
      "version": "file:../pex-geom",
      "integrity": "sha1-S6gg8AoLKlZA2KWag5iND1JlEeI="
    },
    "pex-sys": {
      "version": "1.7.0",
      "resolved": "https://registry.npmjs.org/pex-sys/-/pex-sys-1.7.0.tgz",
      "integrity": "sha1-Rj7vusC6kjvbD+s4vW8ytxV8ezE=",
      "requires": {
        "is-plask": "https://registry.npmjs.org/is-plask/-/is-plask-1.1.1.tgz",
        "omgcanvas": "https://registry.npmjs.org/omgcanvas/-/omgcanvas-1.0.2.tgz",
        "performance-now": "https://registry.npmjs.org/performance-now/-/performance-now-0.2.0.tgz",
        "plask-wrap": "1.0.1",
        "raf": "https://registry.npmjs.org/raf/-/raf-3.2.0.tgz",
        "webgl-debug": "1.0.2"
      }
    },
    "plask-wrap": {
      "version": "1.0.1",
      "resolved": "https://registry.npmjs.org/plask-wrap/-/plask-wrap-1.0.1.tgz",
      "integrity": "sha1-xfXBtdh0wcfZtxf3chJvJauzHd8="
    },
    "raf": {
      "version": "https://registry.npmjs.org/raf/-/raf-3.2.0.tgz",
      "integrity": "sha1-KrqaCbtw+MLpCU3GCs58N0+t7H4=",
      "requires": {
        "performance-now": "https://registry.npmjs.org/performance-now/-/performance-now-0.2.0.tgz"
      }
    },
    "rgb-hex": {
      "version": "1.0.0",
      "resolved": "https://registry.npmjs.org/rgb-hex/-/rgb-hex-1.0.0.tgz",
      "integrity": "sha1-v6+M2c2RZLWibXHrTxWgllMks8E="
    },
    "webgl-debug": {
      "version": "1.0.2",
      "resolved": "https://registry.npmjs.org/webgl-debug/-/webgl-debug-1.0.2.tgz",
      "integrity": "sha1-k7rFrtGBNDoTatNPJJkg07nMxpo="
    }
  }
}
