{
  "name": "pex-gui",
  "version": "3.0.1",
  "lockfileVersion": 2,
  "requires": true,
  "packages": {
    "": {
      "name": "pex-gui",
      "version": "3.0.1",
      "license": "MIT",
      "dependencies": {
        "pex-color": "^2.2.0",
        "pex-geom": "^3.0.2",
        "pex-math": "^4.1.1"
      },
      "devDependencies": {
        "es-module-shims": "1.10.1",
        "pex-cam": "^3.0.0-alpha.1",
        "pex-context": "^3.1.2",
        "pex-io": "^3.0.2",
        "primitive-geometry": "^2.10.1"
      },
      "engines": {
        "node": ">=22.0.0",
        "npm": ">=10.5.1",
        "snowdev": ">=2.3.x"
      }
    },
    "node_modules/es-module-shims": {
      "version": "1.10.1",
      "resolved": "https://registry.npmjs.org/es-module-shims/-/es-module-shims-1.10.1.tgz",
      "integrity": "sha512-HSSkRLkqFEyX6GrCAHrSOR5iz/QzQJRqZUF7bFJOZ4aoSw0WoSggfsTIGN2yFbF8v6xjQFhT4HGP6b+0qQZmEQ==",
      "dev": true,
      "license": "MIT"
    },
    "node_modules/interpolate-angle": {
      "version": "1.0.2",
      "resolved": "https://registry.npmjs.org/interpolate-angle/-/interpolate-angle-1.0.2.tgz",
      "integrity": "sha1-q6mSFyJy4ucJOMlTC0HcNcV+5do=",
      "dev": true,
      "dependencies": {
        "lerp": "^1.0.3"
      }
    },
    "node_modules/latlon-to-xyz": {
      "version": "1.0.1",
      "resolved": "https://registry.npmjs.org/latlon-to-xyz/-/latlon-to-xyz-1.0.1.tgz",
      "integrity": "sha512-OF65aE60Y9aMOibxWFC2Vl7EN2BOtMKabm0t97+VaVgR9LoStZHbNNMc8dS/LG6iE1BpEXmnoH85wWr1drp/Tw==",
      "dev": true
    },
    "node_modules/lerp": {
      "version": "1.0.3",
      "resolved": "https://registry.npmjs.org/lerp/-/lerp-1.0.3.tgz",
      "integrity": "sha1-oYyJaPkXiW3hXM/MKNVaa3Med24=",
      "dev": true
    },
    "node_modules/mouse-event-offset": {
      "version": "3.0.2",
      "resolved": "https://registry.npmjs.org/mouse-event-offset/-/mouse-event-offset-3.0.2.tgz",
      "integrity": "sha1-39hqbiSMa6jK1TuQXVA3ogY+mYQ=",
      "dev": true
    },
    "node_modules/pex-cam": {
      "version": "3.0.0-alpha.1",
      "resolved": "https://registry.npmjs.org/pex-cam/-/pex-cam-3.0.0-alpha.1.tgz",
      "integrity": "sha512-mVDMzz5cyGA2em7k/fq9Yq9inO1hRputz4poeiXKdzydUh+EHXVvx3gzNyeXez2BTfV0TLpuoCgoLYLc5b4Ifw==",
      "dev": true,
      "dependencies": {
        "interpolate-angle": "^1.0.2",
        "latlon-to-xyz": "^1.0.1",
        "mouse-event-offset": "^3.0.2",
        "pex-geom": "^3.0.0-alpha.0",
        "pex-math": "^4.0.0-alpha.1",
        "xyz-to-latlon": "^1.0.2"
      },
      "engines": {
        "node": ">=16.0.0",
        "npm": ">=7.0.0"
      }
    },
    "node_modules/pex-color": {
      "version": "2.2.0",
      "resolved": "https://registry.npmjs.org/pex-color/-/pex-color-2.2.0.tgz",
      "integrity": "sha512-eZgxo99JIvcTTrmvgXwRJgGNdkDTIgs03m2y1Q/aMA2TVD9fK2tyCetVQmcbAlwt94cmg5go59gzNjjnPF/01A==",
      "license": "MIT",
      "engines": {
        "node": ">=22.0.0",
        "npm": ">=10.5.1",
        "snowdev": ">=2.2.x"
      }
    },
    "node_modules/pex-context": {
      "version": "3.1.2",
      "resolved": "https://registry.npmjs.org/pex-context/-/pex-context-3.1.2.tgz",
      "integrity": "sha512-1sEAk9BO/cml1i5won9dNHLlPTWDmrYw8mKiJsP1jJEXhHX9lbJW4K2Em6lY0/sKN75qFMjvuB/M8kuGKA77gA==",
      "dev": true,
      "license": "MIT",
      "dependencies": {
        "pex-gl": "^3.0.2"
      },
      "engines": {
        "node": ">=22.0.0",
        "npm": ">=10.5.1",
        "snowdev": ">=2.2.x"
      }
    },
    "node_modules/pex-geom": {
      "version": "3.0.2",
      "resolved": "https://registry.npmjs.org/pex-geom/-/pex-geom-3.0.2.tgz",
      "integrity": "sha512-jLx3ISMMrVuDouPvkmN1hLTqeJE/45otdNVIuoMHKxcz7LZb8k9+XuV7VmsAPA+/TySJyvO+gVvFopUVVG40jg==",
      "license": "MIT",
      "dependencies": {
        "pex-math": "^4.1.1"
      },
      "engines": {
        "node": ">=22.0.0",
        "npm": ">=10.5.1",
        "snowdev": ">=2.2.x"
      }
    },
    "node_modules/pex-gl": {
      "version": "3.0.2",
      "resolved": "https://registry.npmjs.org/pex-gl/-/pex-gl-3.0.2.tgz",
      "integrity": "sha512-q0MEUXyRlXEa7A/QGQn7GvrkLf+Yc+tRpTRFW0gmbG1RnJpKC0U504WYaB9O47OoMmy9LlKGCaolP2cJJUw5gQ==",
      "dev": true,
      "license": "MIT",
      "engines": {
        "node": ">=22.0.0",
        "npm": ">=10.5.1",
        "snowdev": ">=2.2.x"
      }
    },
    "node_modules/pex-io": {
      "version": "3.0.2",
      "resolved": "https://registry.npmjs.org/pex-io/-/pex-io-3.0.2.tgz",
      "integrity": "sha512-9lVsogyCEVqUZ/qQ2Yv1Yr6ATRMpgsuUF4UGsOA6vKVkekOHCFlQ71B6m3zQll5HgZmPUw8QM9yrQkcmjE05EA==",
      "dev": true,
      "license": "MIT",
      "engines": {
        "node": ">=22.0.0",
        "npm": ">=10.5.1",
        "snowdev": ">=2.2.x"
      }
    },
    "node_modules/pex-math": {
      "version": "4.1.1",
      "resolved": "https://registry.npmjs.org/pex-math/-/pex-math-4.1.1.tgz",
      "integrity": "sha512-jhFPZfgdhUczx8EJsV7PwFTDjvhDMhNiabtK+rOLsfkWl33LNV97hUYB0URlMiTf9UR4nNpPcTLuha96aniyQg==",
      "license": "MIT",
      "engines": {
        "node": ">=22.0.0",
        "npm": ">=10.5.1",
        "snowdev": ">=2.2.x"
      }
    },
    "node_modules/primitive-geometry": {
      "version": "2.10.1",
      "resolved": "https://registry.npmjs.org/primitive-geometry/-/primitive-geometry-2.10.1.tgz",
      "integrity": "sha512-nfWIrVugpis6O9f/itBAo0qS69/VBGyZtxyyCpjgWeOWshAUAkmr/hEl80AlSK4WFnaKhdratnKCxhaq8ImPUQ==",
      "dev": true,
      "funding": [
        {
          "type": "individual",
          "url": "https://paypal.me/dmnsgn"
        },
        {
          "type": "individual",
          "url": "https://commerce.coinbase.com/checkout/56cbdf28-e323-48d8-9c98-7019e72c97f3"
        }
      ],
      "license": "MIT",
      "engines": {
        "node": ">=15.0.0",
        "npm": ">=7.0.0"
      }
    },
    "node_modules/xyz-to-latlon": {
      "version": "1.0.2",
      "resolved": "https://registry.npmjs.org/xyz-to-latlon/-/xyz-to-latlon-1.0.2.tgz",
      "integrity": "sha512-iTQe5HIzAE0r2L2u2abs17s/SekCCUAlIHzYnHHo10aR0B1iKRSGye33z7a52IMJoUUMTpPwNUTNIy+OhZVRIg==",
      "dev": true
    }
  },
  "dependencies": {
    "es-module-shims": {
      "version": "1.10.1",
      "resolved": "https://registry.npmjs.org/es-module-shims/-/es-module-shims-1.10.1.tgz",
      "integrity": "sha512-HSSkRLkqFEyX6GrCAHrSOR5iz/QzQJRqZUF7bFJOZ4aoSw0WoSggfsTIGN2yFbF8v6xjQFhT4HGP6b+0qQZmEQ==",
      "dev": true
    },
    "interpolate-angle": {
      "version": "1.0.2",
      "resolved": "https://registry.npmjs.org/interpolate-angle/-/interpolate-angle-1.0.2.tgz",
      "integrity": "sha1-q6mSFyJy4ucJOMlTC0HcNcV+5do=",
      "dev": true,
      "requires": {
        "lerp": "^1.0.3"
      }
    },
    "latlon-to-xyz": {
      "version": "1.0.1",
      "resolved": "https://registry.npmjs.org/latlon-to-xyz/-/latlon-to-xyz-1.0.1.tgz",
      "integrity": "sha512-OF65aE60Y9aMOibxWFC2Vl7EN2BOtMKabm0t97+VaVgR9LoStZHbNNMc8dS/LG6iE1BpEXmnoH85wWr1drp/Tw==",
      "dev": true
    },
    "lerp": {
      "version": "1.0.3",
      "resolved": "https://registry.npmjs.org/lerp/-/lerp-1.0.3.tgz",
      "integrity": "sha1-oYyJaPkXiW3hXM/MKNVaa3Med24=",
      "dev": true
    },
    "mouse-event-offset": {
      "version": "3.0.2",
      "resolved": "https://registry.npmjs.org/mouse-event-offset/-/mouse-event-offset-3.0.2.tgz",
      "integrity": "sha1-39hqbiSMa6jK1TuQXVA3ogY+mYQ=",
      "dev": true
    },
    "pex-cam": {
      "version": "3.0.0-alpha.1",
      "resolved": "https://registry.npmjs.org/pex-cam/-/pex-cam-3.0.0-alpha.1.tgz",
      "integrity": "sha512-mVDMzz5cyGA2em7k/fq9Yq9inO1hRputz4poeiXKdzydUh+EHXVvx3gzNyeXez2BTfV0TLpuoCgoLYLc5b4Ifw==",
      "dev": true,
      "requires": {
        "interpolate-angle": "^1.0.2",
        "latlon-to-xyz": "^1.0.1",
        "mouse-event-offset": "^3.0.2",
        "pex-geom": "^3.0.0-alpha.0",
        "pex-math": "^4.0.0-alpha.1",
        "xyz-to-latlon": "^1.0.2"
      }
    },
    "pex-color": {
      "version": "2.2.0",
      "resolved": "https://registry.npmjs.org/pex-color/-/pex-color-2.2.0.tgz",
      "integrity": "sha512-eZgxo99JIvcTTrmvgXwRJgGNdkDTIgs03m2y1Q/aMA2TVD9fK2tyCetVQmcbAlwt94cmg5go59gzNjjnPF/01A=="
    },
    "pex-context": {
      "version": "3.1.2",
      "resolved": "https://registry.npmjs.org/pex-context/-/pex-context-3.1.2.tgz",
      "integrity": "sha512-1sEAk9BO/cml1i5won9dNHLlPTWDmrYw8mKiJsP1jJEXhHX9lbJW4K2Em6lY0/sKN75qFMjvuB/M8kuGKA77gA==",
      "dev": true,
      "requires": {
        "pex-gl": "^3.0.2"
      }
    },
    "pex-geom": {
      "version": "3.0.2",
      "resolved": "https://registry.npmjs.org/pex-geom/-/pex-geom-3.0.2.tgz",
      "integrity": "sha512-jLx3ISMMrVuDouPvkmN1hLTqeJE/45otdNVIuoMHKxcz7LZb8k9+XuV7VmsAPA+/TySJyvO+gVvFopUVVG40jg==",
      "requires": {
        "pex-math": "^4.1.1"
      }
    },
    "pex-gl": {
      "version": "3.0.2",
      "resolved": "https://registry.npmjs.org/pex-gl/-/pex-gl-3.0.2.tgz",
      "integrity": "sha512-q0MEUXyRlXEa7A/QGQn7GvrkLf+Yc+tRpTRFW0gmbG1RnJpKC0U504WYaB9O47OoMmy9LlKGCaolP2cJJUw5gQ==",
      "dev": true
    },
    "pex-io": {
      "version": "3.0.2",
      "resolved": "https://registry.npmjs.org/pex-io/-/pex-io-3.0.2.tgz",
      "integrity": "sha512-9lVsogyCEVqUZ/qQ2Yv1Yr6ATRMpgsuUF4UGsOA6vKVkekOHCFlQ71B6m3zQll5HgZmPUw8QM9yrQkcmjE05EA==",
      "dev": true
    },
    "pex-math": {
      "version": "4.1.1",
      "resolved": "https://registry.npmjs.org/pex-math/-/pex-math-4.1.1.tgz",
      "integrity": "sha512-jhFPZfgdhUczx8EJsV7PwFTDjvhDMhNiabtK+rOLsfkWl33LNV97hUYB0URlMiTf9UR4nNpPcTLuha96aniyQg=="
    },
    "primitive-geometry": {
      "version": "2.10.1",
      "resolved": "https://registry.npmjs.org/primitive-geometry/-/primitive-geometry-2.10.1.tgz",
      "integrity": "sha512-nfWIrVugpis6O9f/itBAo0qS69/VBGyZtxyyCpjgWeOWshAUAkmr/hEl80AlSK4WFnaKhdratnKCxhaq8ImPUQ==",
      "dev": true
    },
    "xyz-to-latlon": {
      "version": "1.0.2",
      "resolved": "https://registry.npmjs.org/xyz-to-latlon/-/xyz-to-latlon-1.0.2.tgz",
      "integrity": "sha512-iTQe5HIzAE0r2L2u2abs17s/SekCCUAlIHzYnHHo10aR0B1iKRSGye33z7a52IMJoUUMTpPwNUTNIy+OhZVRIg==",
      "dev": true
    }
  }
}
